// !$*UTF8*$!
{
	archiveVersion = 1;
	classes = {
	};
	objectVersion = 48;
	objects = {

/* Begin PBXBuildFile section */
		C2ED58721FCA11200095F2F8 /* AppDelegate.swift in Sources */ = {isa = PBXBuildFile; fileRef = C2ED58711FCA11200095F2F8 /* AppDelegate.swift */; };
		C2ED58741FCA11200095F2F8 /* ViewController.swift in Sources */ = {isa = PBXBuildFile; fileRef = C2ED58731FCA11200095F2F8 /* ViewController.swift */; };
		C2ED58771FCA11200095F2F8 /* Main.storyboard in Resources */ = {isa = PBXBuildFile; fileRef = C2ED58751FCA11200095F2F8 /* Main.storyboard */; };
		C2ED587A1FCA11200095F2F8 /* TableTutorial.xcdatamodeld in Sources */ = {isa = PBXBuildFile; fileRef = C2ED58781FCA11200095F2F8 /* TableTutorial.xcdatamodeld */; };
		C2ED587C1FCA11200095F2F8 /* Assets.xcassets in Resources */ = {isa = PBXBuildFile; fileRef = C2ED587B1FCA11200095F2F8 /* Assets.xcassets */; };
		C2ED587F1FCA11200095F2F8 /* LaunchScreen.storyboard in Resources */ = {isa = PBXBuildFile; fileRef = C2ED587D1FCA11200095F2F8 /* LaunchScreen.storyboard */; };
		C2ED588A1FCA11200095F2F8 /* TableTutorialTests.swift in Sources */ = {isa = PBXBuildFile; fileRef = C2ED58891FCA11200095F2F8 /* TableTutorialTests.swift */; };
		C2ED58951FCA11200095F2F8 /* TableTutorialUITests.swift in Sources */ = {isa = PBXBuildFile; fileRef = C2ED58941FCA11200095F2F8 /* TableTutorialUITests.swift */; };
/* End PBXBuildFile section */

/* Begin PBXContainerItemProxy section */
		C2ED58861FCA11200095F2F8 /* PBXContainerItemProxy */ = {
			isa = PBXContainerItemProxy;
			containerPortal = C2ED58661FCA11200095F2F8 /* Project object */;
			proxyType = 1;
			remoteGlobalIDString = C2ED586D1FCA11200095F2F8;
			remoteInfo = TableTutorial;
		};
		C2ED58911FCA11200095F2F8 /* PBXContainerItemProxy */ = {
			isa = PBXContainerItemProxy;
			containerPortal = C2ED58661FCA11200095F2F8 /* Project object */;
			proxyType = 1;
			remoteGlobalIDString = C2ED586D1FCA11200095F2F8;
			remoteInfo = TableTutorial;
		};
/* End PBXContainerItemProxy section */

/* Begin PBXFileReference section */
		C2ED586E1FCA11200095F2F8 /* TableTutorial.app */ = {isa = PBXFileReference; explicitFileType = wrapper.application; includeInIndex = 0; path = TableTutorial.app; sourceTree = BUILT_PRODUCTS_DIR; };
		C2ED58711FCA11200095F2F8 /* AppDelegate.swift */ = {isa = PBXFileReference; lastKnownFileType = sourcecode.swift; path = AppDelegate.swift; sourceTree = "<group>"; };
		C2ED58731FCA11200095F2F8 /* ViewController.swift */ = {isa = PBXFileReference; lastKnownFileType = sourcecode.swift; path = ViewController.swift; sourceTree = "<group>"; };
		C2ED58761FCA11200095F2F8 /* Base */ = {isa = PBXFileReference; lastKnownFileType = file.storyboard; name = Base; path = Base.lproj/Main.storyboard; sourceTree = "<group>"; };
		C2ED58791FCA11200095F2F8 /* TableTutorial.xcdatamodel */ = {isa = PBXFileReference; lastKnownFileType = wrapper.xcdatamodel; path = TableTutorial.xcdatamodel; sourceTree = "<group>"; };
		C2ED587B1FCA11200095F2F8 /* Assets.xcassets */ = {isa = PBXFileReference; lastKnownFileType = folder.assetcatalog; path = Assets.xcassets; sourceTree = "<group>"; };
		C2ED587E1FCA11200095F2F8 /* Base */ = {isa = PBXFileReference; lastKnownFileType = file.storyboard; name = Base; path = Base.lproj/LaunchScreen.storyboard; sourceTree = "<group>"; };
		C2ED58801FCA11200095F2F8 /* Info.plist */ = {isa = PBXFileReference; lastKnownFileType = text.plist.xml; path = Info.plist; sourceTree = "<group>"; };
		C2ED58851FCA11200095F2F8 /* TableTutorialTests.xctest */ = {isa = PBXFileReference; explicitFileType = wrapper.cfbundle; includeInIndex = 0; path = TableTutorialTests.xctest; sourceTree = BUILT_PRODUCTS_DIR; };
		C2ED58891FCA11200095F2F8 /* TableTutorialTests.swift */ = {isa = PBXFileReference; lastKnownFileType = sourcecode.swift; path = TableTutorialTests.swift; sourceTree = "<group>"; };
		C2ED588B1FCA11200095F2F8 /* Info.plist */ = {isa = PBXFileReference; lastKnownFileType = text.plist.xml; path = Info.plist; sourceTree = "<group>"; };
		C2ED58901FCA11200095F2F8 /* TableTutorialUITests.xctest */ = {isa = PBXFileReference; explicitFileType = wrapper.cfbundle; includeInIndex = 0; path = TableTutorialUITests.xctest; sourceTree = BUILT_PRODUCTS_DIR; };
		C2ED58941FCA11200095F2F8 /* TableTutorialUITests.swift */ = {isa = PBXFileReference; lastKnownFileType = sourcecode.swift; path = TableTutorialUITests.swift; sourceTree = "<group>"; };
		C2ED58961FCA11200095F2F8 /* Info.plist */ = {isa = PBXFileReference; lastKnownFileType = text.plist.xml; path = Info.plist; sourceTree = "<group>"; };
/* End PBXFileReference section */

/* Begin PBXFrameworksBuildPhase section */
		C2ED586B1FCA11200095F2F8 /* Frameworks */ = {
			isa = PBXFrameworksBuildPhase;
			buildActionMask = 2147483647;
			files = (
			);
			runOnlyForDeploymentPostprocessing = 0;
		};
		C2ED58821FCA11200095F2F8 /* Frameworks */ = {
			isa = PBXFrameworksBuildPhase;
			buildActionMask = 2147483647;
			files = (
			);
			runOnlyForDeploymentPostprocessing = 0;
		};
		C2ED588D1FCA11200095F2F8 /* Frameworks */ = {
			isa = PBXFrameworksBuildPhase;
			buildActionMask = 2147483647;
			files = (
			);
			runOnlyForDeploymentPostprocessing = 0;
		};
/* End PBXFrameworksBuildPhase section */

/* Begin PBXGroup section */
		C2ED58651FCA11200095F2F8 = {
			isa = PBXGroup;
			children = (
				C2ED58701FCA11200095F2F8 /* TableTutorial */,
				C2ED58881FCA11200095F2F8 /* TableTutorialTests */,
				C2ED58931FCA11200095F2F8 /* TableTutorialUITests */,
				C2ED586F1FCA11200095F2F8 /* Products */,
			);
			sourceTree = "<group>";
		};
		C2ED586F1FCA11200095F2F8 /* Products */ = {
			isa = PBXGroup;
			children = (
				C2ED586E1FCA11200095F2F8 /* TableTutorial.app */,
				C2ED58851FCA11200095F2F8 /* TableTutorialTests.xctest */,
				C2ED58901FCA11200095F2F8 /* TableTutorialUITests.xctest */,
			);
			name = Products;
			sourceTree = "<group>";
		};
		C2ED58701FCA11200095F2F8 /* TableTutorial */ = {
			isa = PBXGroup;
			children = (
				C2ED58711FCA11200095F2F8 /* AppDelegate.swift */,
				C2ED58731FCA11200095F2F8 /* ViewController.swift */,
				C2ED58751FCA11200095F2F8 /* Main.storyboard */,
				C2ED587B1FCA11200095F2F8 /* Assets.xcassets */,
				C2ED587D1FCA11200095F2F8 /* LaunchScreen.storyboard */,
				C2ED58801FCA11200095F2F8 /* Info.plist */,
				C2ED58781FCA11200095F2F8 /* TableTutorial.xcdatamodeld */,
			);
			path = TableTutorial;
			sourceTree = "<group>";
		};
		C2ED58881FCA11200095F2F8 /* TableTutorialTests */ = {
			isa = PBXGroup;
			children = (
				C2ED58891FCA11200095F2F8 /* TableTutorialTests.swift */,
				C2ED588B1FCA11200095F2F8 /* Info.plist */,
			);
			path = TableTutorialTests;
			sourceTree = "<group>";
		};
		C2ED58931FCA11200095F2F8 /* TableTutorialUITests */ = {
			isa = PBXGroup;
			children = (
				C2ED58941FCA11200095F2F8 /* TableTutorialUITests.swift */,
				C2ED58961FCA11200095F2F8 /* Info.plist */,
			);
			path = TableTutorialUITests;
			sourceTree = "<group>";
		};
/* End PBXGroup section */

/* Begin PBXNativeTarget section */
		C2ED586D1FCA11200095F2F8 /* TableTutorial */ = {
			isa = PBXNativeTarget;
			buildConfigurationList = C2ED58991FCA11200095F2F8 /* Build configuration list for PBXNativeTarget "TableTutorial" */;
			buildPhases = (
				C2ED586A1FCA11200095F2F8 /* Sources */,
				C2ED586B1FCA11200095F2F8 /* Frameworks */,
				C2ED586C1FCA11200095F2F8 /* Resources */,
			);
			buildRules = (
			);
			dependencies = (
			);
			name = TableTutorial;
			productName = TableTutorial;
			productReference = C2ED586E1FCA11200095F2F8 /* TableTutorial.app */;
			productType = "com.apple.product-type.application";
		};
		C2ED58841FCA11200095F2F8 /* TableTutorialTests */ = {
			isa = PBXNativeTarget;
			buildConfigurationList = C2ED589C1FCA11200095F2F8 /* Build configuration list for PBXNativeTarget "TableTutorialTests" */;
			buildPhases = (
				C2ED58811FCA11200095F2F8 /* Sources */,
				C2ED58821FCA11200095F2F8 /* Frameworks */,
				C2ED58831FCA11200095F2F8 /* Resources */,
			);
			buildRules = (
			);
			dependencies = (
				C2ED58871FCA11200095F2F8 /* PBXTargetDependency */,
			);
			name = TableTutorialTests;
			productName = TableTutorialTests;
			productReference = C2ED58851FCA11200095F2F8 /* TableTutorialTests.xctest */;
			productType = "com.apple.product-type.bundle.unit-test";
		};
		C2ED588F1FCA11200095F2F8 /* TableTutorialUITests */ = {
			isa = PBXNativeTarget;
			buildConfigurationList = C2ED589F1FCA11200095F2F8 /* Build configuration list for PBXNativeTarget "TableTutorialUITests" */;
			buildPhases = (
				C2ED588C1FCA11200095F2F8 /* Sources */,
				C2ED588D1FCA11200095F2F8 /* Frameworks */,
				C2ED588E1FCA11200095F2F8 /* Resources */,
			);
			buildRules = (
			);
			dependencies = (
				C2ED58921FCA11200095F2F8 /* PBXTargetDependency */,
			);
			name = TableTutorialUITests;
			productName = TableTutorialUITests;
			productReference = C2ED58901FCA11200095F2F8 /* TableTutorialUITests.xctest */;
			productType = "com.apple.product-type.bundle.ui-testing";
		};
/* End PBXNativeTarget section */

/* Begin PBXProject section */
		C2ED58661FCA11200095F2F8 /* Project object */ = {
			isa = PBXProject;
			attributes = {
				LastSwiftUpdateCheck = 0910;
				LastUpgradeCheck = 0910;
				ORGANIZATIONNAME = VdThatte;
				TargetAttributes = {
					C2ED586D1FCA11200095F2F8 = {
						CreatedOnToolsVersion = 9.1;
						ProvisioningStyle = Automatic;
					};
					C2ED58841FCA11200095F2F8 = {
						CreatedOnToolsVersion = 9.1;
						ProvisioningStyle = Automatic;
						TestTargetID = C2ED586D1FCA11200095F2F8;
					};
					C2ED588F1FCA11200095F2F8 = {
						CreatedOnToolsVersion = 9.1;
						ProvisioningStyle = Automatic;
						TestTargetID = C2ED586D1FCA11200095F2F8;
					};
				};
			};
			buildConfigurationList = C2ED58691FCA11200095F2F8 /* Build configuration list for PBXProject "TableTutorial" */;
			compatibilityVersion = "Xcode 8.0";
			developmentRegion = en;
			hasScannedForEncodings = 0;
			knownRegions = (
				en,
				Base,
			);
			mainGroup = C2ED58651FCA11200095F2F8;
			productRefGroup = C2ED586F1FCA11200095F2F8 /* Products */;
			projectDirPath = "";
			projectRoot = "";
			targets = (
				C2ED586D1FCA11200095F2F8 /* TableTutorial */,
				C2ED58841FCA11200095F2F8 /* TableTutorialTests */,
				C2ED588F1FCA11200095F2F8 /* TableTutorialUITests */,
			);
		};
/* End PBXProject section */

/* Begin PBXResourcesBuildPhase section */
		C2ED586C1FCA11200095F2F8 /* Resources */ = {
			isa = PBXResourcesBuildPhase;
			buildActionMask = 2147483647;
			files = (
				C2ED587F1FCA11200095F2F8 /* LaunchScreen.storyboard in Resources */,
				C2ED587C1FCA11200095F2F8 /* Assets.xcassets in Resources */,
				C2ED58771FCA11200095F2F8 /* Main.storyboard in Resources */,
			);
			runOnlyForDeploymentPostprocessing = 0;
		};
		C2ED58831FCA11200095F2F8 /* Resources */ = {
			isa = PBXResourcesBuildPhase;
			buildActionMask = 2147483647;
			files = (
			);
			runOnlyForDeploymentPostprocessing = 0;
		};
		C2ED588E1FCA11200095F2F8 /* Resources */ = {
			isa = PBXResourcesBuildPhase;
			buildActionMask = 2147483647;
			files = (
			);
			runOnlyForDeploymentPostprocessing = 0;
		};
/* End PBXResourcesBuildPhase section */

/* Begin PBXSourcesBuildPhase section */
		C2ED586A1FCA11200095F2F8 /* Sources */ = {
			isa = PBXSourcesBuildPhase;
			buildActionMask = 2147483647;
			files = (
				C2ED58741FCA11200095F2F8 /* ViewController.swift in Sources */,
				C2ED58721FCA11200095F2F8 /* AppDelegate.swift in Sources */,
				C2ED587A1FCA11200095F2F8 /* TableTutorial.xcdatamodeld in Sources */,
			);
			runOnlyForDeploymentPostprocessing = 0;
		};
		C2ED58811FCA11200095F2F8 /* Sources */ = {
			isa = PBXSourcesBuildPhase;
			buildActionMask = 2147483647;
			files = (
				C2ED588A1FCA11200095F2F8 /* TableTutorialTests.swift in Sources */,
			);
			runOnlyForDeploymentPostprocessing = 0;
		};
		C2ED588C1FCA11200095F2F8 /* Sources */ = {
			isa = PBXSourcesBuildPhase;
			buildActionMask = 2147483647;
			files = (
				C2ED58951FCA11200095F2F8 /* TableTutorialUITests.swift in Sources */,
			);
			runOnlyForDeploymentPostprocessing = 0;
		};
/* End PBXSourcesBuildPhase section */

/* Begin PBXTargetDependency section */
		C2ED58871FCA11200095F2F8 /* PBXTargetDependency */ = {
			isa = PBXTargetDependency;
			target = C2ED586D1FCA11200095F2F8 /* TableTutorial */;
			targetProxy = C2ED58861FCA11200095F2F8 /* PBXContainerItemProxy */;
		};
		C2ED58921FCA11200095F2F8 /* PBXTargetDependency */ = {
			isa = PBXTargetDependency;
			target = C2ED586D1FCA11200095F2F8 /* TableTutorial */;
			targetProxy = C2ED58911FCA11200095F2F8 /* PBXContainerItemProxy */;
		};
/* End PBXTargetDependency section */

/* Begin PBXVariantGroup section */
		C2ED58751FCA11200095F2F8 /* Main.storyboard */ = {
			isa = PBXVariantGroup;
			children = (
				C2ED58761FCA11200095F2F8 /* Base */,
			);
			name = Main.storyboard;
			sourceTree = "<group>";
		};
		C2ED587D1FCA11200095F2F8 /* LaunchScreen.storyboard */ = {
			isa = PBXVariantGroup;
			children = (
				C2ED587E1FCA11200095F2F8 /* Base */,
			);
			name = LaunchScreen.storyboard;
			sourceTree = "<group>";
		};
/* End PBXVariantGroup section */

/* Begin XCBuildConfiguration section */
		C2ED58971FCA11200095F2F8 /* Debug */ = {
			isa = XCBuildConfiguration;
			buildSettings = {
				ALWAYS_SEARCH_USER_PATHS = NO;
				CLANG_ANALYZER_NONNULL = YES;
				CLANG_ANALYZER_NUMBER_OBJECT_CONVERSION = YES_AGGRESSIVE;
				CLANG_CXX_LANGUAGE_STANDARD = "gnu++14";
				CLANG_CXX_LIBRARY = "libc++";
				CLANG_ENABLE_MODULES = YES;
				CLANG_ENABLE_OBJC_ARC = YES;
				CLANG_WARN_BLOCK_CAPTURE_AUTORELEASING = YES;
				CLANG_WARN_BOOL_CONVERSION = YES;
				CLANG_WARN_COMMA = YES;
				CLANG_WARN_CONSTANT_CONVERSION = YES;
				CLANG_WARN_DIRECT_OBJC_ISA_USAGE = YES_ERROR;
				CLANG_WARN_DOCUMENTATION_COMMENTS = YES;
				CLANG_WARN_EMPTY_BODY = YES;
				CLANG_WARN_ENUM_CONVERSION = YES;
				CLANG_WARN_INFINITE_RECURSION = YES;
				CLANG_WARN_INT_CONVERSION = YES;
				CLANG_WARN_NON_LITERAL_NULL_CONVERSION = YES;
				CLANG_WARN_OBJC_LITERAL_CONVERSION = YES;
				CLANG_WARN_OBJC_ROOT_CLASS = YES_ERROR;
				CLANG_WARN_RANGE_LOOP_ANALYSIS = YES;
				CLANG_WARN_STRICT_PROTOTYPES = YES;
				CLANG_WARN_SUSPICIOUS_MOVE = YES;
				CLANG_WARN_UNGUARDED_AVAILABILITY = YES_AGGRESSIVE;
				CLANG_WARN_UNREACHABLE_CODE = YES;
				CLANG_WARN__DUPLICATE_METHOD_MATCH = YES;
				CODE_SIGN_IDENTITY = "iPhone Developer";
				COPY_PHASE_STRIP = NO;
				DEBUG_INFORMATION_FORMAT = dwarf;
				ENABLE_STRICT_OBJC_MSGSEND = YES;
				ENABLE_TESTABILITY = YES;
				GCC_C_LANGUAGE_STANDARD = gnu11;
				GCC_DYNAMIC_NO_PIC = NO;
				GCC_NO_COMMON_BLOCKS = YES;
				GCC_OPTIMIZATION_LEVEL = 0;
				GCC_PREPROCESSOR_DEFINITIONS = (
					"DEBUG=1",
					"$(inherited)",
				);
				GCC_WARN_64_TO_32_BIT_CONVERSION = YES;
				GCC_WARN_ABOUT_RETURN_TYPE = YES_ERROR;
				GCC_WARN_UNDECLARED_SELECTOR = YES;
				GCC_WARN_UNINITIALIZED_AUTOS = YES_AGGRESSIVE;
				GCC_WARN_UNUSED_FUNCTION = YES;
				GCC_WARN_UNUSED_VARIABLE = YES;
				IPHONEOS_DEPLOYMENT_TARGET = 11.1;
				MTL_ENABLE_DEBUG_INFO = YES;
				ONLY_ACTIVE_ARCH = YES;
				SDKROOT = iphoneos;
				SWIFT_ACTIVE_COMPILATION_CONDITIONS = DEBUG;
				SWIFT_OPTIMIZATION_LEVEL = "-Onone";
			};
			name = Debug;
		};
		C2ED58981FCA11200095F2F8 /* Release */ = {
			isa = XCBuildConfiguration;
			buildSettings = {
				ALWAYS_SEARCH_USER_PATHS = NO;
				CLANG_ANALYZER_NONNULL = YES;
				CLANG_ANALYZER_NUMBER_OBJECT_CONVERSION = YES_AGGRESSIVE;
				CLANG_CXX_LANGUAGE_STANDARD = "gnu++14";
				CLANG_CXX_LIBRARY = "libc++";
				CLANG_ENABLE_MODULES = YES;
				CLANG_ENABLE_OBJC_ARC = YES;
				CLANG_WARN_BLOCK_CAPTURE_AUTORELEASING = YES;
				CLANG_WARN_BOOL_CONVERSION = YES;
				CLANG_WARN_COMMA = YES;
				CLANG_WARN_CONSTANT_CONVERSION = YES;
				CLANG_WARN_DIRECT_OBJC_ISA_USAGE = YES_ERROR;
				CLANG_WARN_DOCUMENTATION_COMMENTS = YES;
				CLANG_WARN_EMPTY_BODY = YES;
				CLANG_WARN_ENUM_CONVERSION = YES;
				CLANG_WARN_INFINITE_RECURSION = YES;
				CLANG_WARN_INT_CONVERSION = YES;
				CLANG_WARN_NON_LITERAL_NULL_CONVERSION = YES;
				CLANG_WARN_OBJC_LITERAL_CONVERSION = YES;
				CLANG_WARN_OBJC_ROOT_CLASS = YES_ERROR;
				CLANG_WARN_RANGE_LOOP_ANALYSIS = YES;
				CLANG_WARN_STRICT_PROTOTYPES = YES;
				CLANG_WARN_SUSPICIOUS_MOVE = YES;
				CLANG_WARN_UNGUARDED_AVAILABILITY = YES_AGGRESSIVE;
				CLANG_WARN_UNREACHABLE_CODE = YES;
				CLANG_WARN__DUPLICATE_METHOD_MATCH = YES;
				CODE_SIGN_IDENTITY = "iPhone Developer";
				COPY_PHASE_STRIP = NO;
				DEBUG_INFORMATION_FORMAT = "dwarf-with-dsym";
				ENABLE_NS_ASSERTIONS = NO;
				ENABLE_STRICT_OBJC_MSGSEND = YES;
				GCC_C_LANGUAGE_STANDARD = gnu11;
				GCC_NO_COMMON_BLOCKS = YES;
				GCC_WARN_64_TO_32_BIT_CONVERSION = YES;
				GCC_WARN_ABOUT_RETURN_TYPE = YES_ERROR;
				GCC_WARN_UNDECLARED_SELECTOR = YES;
				GCC_WARN_UNINITIALIZED_AUTOS = YES_AGGRESSIVE;
				GCC_WARN_UNUSED_FUNCTION = YES;
				GCC_WARN_UNUSED_VARIABLE = YES;
				IPHONEOS_DEPLOYMENT_TARGET = 11.1;
				MTL_ENABLE_DEBUG_INFO = NO;
				SDKROOT = iphoneos;
				SWIFT_OPTIMIZATION_LEVEL = "-Owholemodule";
				VALIDATE_PRODUCT = YES;
			};
			name = Release;
		};
		C2ED589A1FCA11200095F2F8 /* Debug */ = {
			isa = XCBuildConfiguration;
			buildSettings = {
				ASSETCATALOG_COMPILER_APPICON_NAME = AppIcon;
				CODE_SIGN_STYLE = Automatic;
				DEVELOPMENT_TEAM = 24FC2K35CZ;
				INFOPLIST_FILE = TableTutorial/Info.plist;
				LD_RUNPATH_SEARCH_PATHS = "$(inherited) @executable_path/Frameworks";
				PRODUCT_BUNDLE_IDENTIFIER = vdthatte.TableTutorial;
				PRODUCT_NAME = "$(TARGET_NAME)";
				SWIFT_VERSION = 4.0;
				TARGETED_DEVICE_FAMILY = "1,2";
			};
			name = Debug;
		};
		C2ED589B1FCA11200095F2F8 /* Release */ = {
			isa = XCBuildConfiguration;
			buildSettings = {
				ASSETCATALOG_COMPILER_APPICON_NAME = AppIcon;
				CODE_SIGN_STYLE = Automatic;
				DEVELOPMENT_TEAM = 24FC2K35CZ;
				INFOPLIST_FILE = TableTutorial/Info.plist;
				LD_RUNPATH_SEARCH_PATHS = "$(inherited) @executable_path/Frameworks";
				PRODUCT_BUNDLE_IDENTIFIER = vdthatte.TableTutorial;
				PRODUCT_NAME = "$(TARGET_NAME)";
				SWIFT_VERSION = 4.0;
				TARGETED_DEVICE_FAMILY = "1,2";
			};
			name = Release;
		};
		C2ED589D1FCA11200095F2F8 /* Debug */ = {
			isa = XCBuildConfiguration;
			buildSettings = {
				ALWAYS_EMBED_SWIFT_STANDARD_LIBRARIES = YES;
				BUNDLE_LOADER = "$(TEST_HOST)";
				CODE_SIGN_STYLE = Automatic;
				DEVELOPMENT_TEAM = 24FC2K35CZ;
				INFOPLIST_FILE = TableTutorialTests/Info.plist;
				LD_RUNPATH_SEARCH_PATHS = "$(inherited) @executable_path/Frameworks @loader_path/Frameworks";
				PRODUCT_BUNDLE_IDENTIFIER = vdthatte.TableTutorialTests;
				PRODUCT_NAME = "$(TARGET_NAME)";
				SWIFT_VERSION = 4.0;
				TARGETED_DEVICE_FAMILY = "1,2";
				TEST_HOST = "$(BUILT_PRODUCTS_DIR)/TableTutorial.app/TableTutorial";
			};
			name = Debug;
		};
		C2ED589E1FCA11200095F2F8 /* Release */ = {
			isa = XCBuildConfiguration;
			buildSettings = {
				ALWAYS_EMBED_SWIFT_STANDARD_LIBRARIES = YES;
				BUNDLE_LOADER = "$(TEST_HOST)";
				CODE_SIGN_STYLE = Automatic;
				DEVELOPMENT_TEAM = 24FC2K35CZ;
				INFOPLIST_FILE = TableTutorialTests/Info.plist;
				LD_RUNPATH_SEARCH_PATHS = "$(inherited) @executable_path/Frameworks @loader_path/Frameworks";
				PRODUCT_BUNDLE_IDENTIFIER = vdthatte.TableTutorialTests;
				PRODUCT_NAME = "$(TARGET_NAME)";
				SWIFT_VERSION = 4.0;
				TARGETED_DEVICE_FAMILY = "1,2";
				TEST_HOST = "$(BUILT_PRODUCTS_DIR)/TableTutorial.app/TableTutorial";
			};
			name = Release;
		};
		C2ED58A01FCA11200095F2F8 /* Debug */ = {
			isa = XCBuildConfiguration;
			buildSettings = {
				ALWAYS_EMBED_SWIFT_STANDARD_LIBRARIES = YES;
				CODE_SIGN_STYLE = Automatic;
				DEVELOPMENT_TEAM = 24FC2K35CZ;
				INFOPLIST_FILE = TableTutorialUITests/Info.plist;
				LD_RUNPATH_SEARCH_PATHS = "$(inherited) @executable_path/Frameworks @loader_path/Frameworks";
				PRODUCT_BUNDLE_IDENTIFIER = vdthatte.TableTutorialUITests;
				PRODUCT_NAME = "$(TARGET_NAME)";
				SWIFT_VERSION = 4.0;
				TARGETED_DEVICE_FAMILY = "1,2";
				TEST_TARGET_NAME = TableTutorial;
			};
			name = Debug;
		};
		C2ED58A11FCA11200095F2F8 /* Release */ = {
			isa = XCBuildConfiguration;
			buildSettings = {
				ALWAYS_EMBED_SWIFT_STANDARD_LIBRARIES = YES;
				CODE_SIGN_STYLE = Automatic;
				DEVELOPMENT_TEAM = 24FC2K35CZ;
				INFOPLIST_FILE = TableTutorialUITests/Info.plist;
				LD_RUNPATH_SEARCH_PATHS = "$(inherited) @executable_path/Frameworks @loader_path/Frameworks";
				PRODUCT_BUNDLE_IDENTIFIER = vdthatte.TableTutorialUITests;
				PRODUCT_NAME = "$(TARGET_NAME)";
				SWIFT_VERSION = 4.0;
				TARGETED_DEVICE_FAMILY = "1,2";
				TEST_TARGET_NAME = TableTutorial;
			};
			name = Release;
		};
/* End XCBuildConfiguration section */

/* Begin XCConfigurationList section */
		C2ED58691FCA11200095F2F8 /* Build configuration list for PBXProject "TableTutorial" */ = {
			isa = XCConfigurationList;
			buildConfigurations = (
				C2ED58971FCA11200095F2F8 /* Debug */,
				C2ED58981FCA11200095F2F8 /* Release */,
			);
			defaultConfigurationIsVisible = 0;
			defaultConfigurationName = Release;
		};
		C2ED58991FCA11200095F2F8 /* Build configuration list for PBXNativeTarget "TableTutorial" */ = {
			isa = XCConfigurationList;
			buildConfigurations = (
				C2ED589A1FCA11200095F2F8 /* Debug */,
				C2ED589B1FCA11200095F2F8 /* Release */,
			);
			defaultConfigurationIsVisible = 0;
			defaultConfigurationName = Release;
		};
		C2ED589C1FCA11200095F2F8 /* Build configuration list for PBXNativeTarget "TableTutorialTests" */ = {
			isa = XCConfigurationList;
			buildConfigurations = (
				C2ED589D1FCA11200095F2F8 /* Debug */,
				C2ED589E1FCA11200095F2F8 /* Release */,
			);
			defaultConfigurationIsVisible = 0;
			defaultConfigurationName = Release;
		};
		C2ED589F1FCA11200095F2F8 /* Build configuration list for PBXNativeTarget "TableTutorialUITests" */ = {
			isa = XCConfigurationList;
			buildConfigurations = (
				C2ED58A01FCA11200095F2F8 /* Debug */,
				C2ED58A11FCA11200095F2F8 /* Release */,
			);
			defaultConfigurationIsVisible = 0;
			defaultConfigurationName = Release;
		};
/* End XCConfigurationList section */

/* Begin XCVersionGroup section */
		C2ED58781FCA11200095F2F8 /* TableTutorial.xcdatamodeld */ = {
			isa = XCVersionGroup;
			children = (
				C2ED58791FCA11200095F2F8 /* TableTutorial.xcdatamodel */,
			);
			currentVersion = C2ED58791FCA11200095F2F8 /* TableTutorial.xcdatamodel */;
			path = TableTutorial.xcdatamodeld;
			sourceTree = "<group>";
			versionGroupType = wrapper.xcdatamodel;
		};
/* End XCVersionGroup section */
	};
	rootObject = C2ED58661FCA11200095F2F8 /* Project object */;
}
